// !$*UTF8*$!
{
	archiveVersion = 1;
	classes = {
	};
	objectVersion = 56;
	objects = {

/* Begin PBXBuildFile section */
		6B752FD52C2A9F0A00619B97 /* AppDelegate.swift in Sources */ = {isa = PBXBuildFile; fileRef = 6B752FD42C2A9F0A00619B97 /* AppDelegate.swift */; };
		6B752FD72C2A9F0A00619B97 /* SceneDelegate.swift in Sources */ = {isa = PBXBuildFile; fileRef = 6B752FD62C2A9F0A00619B97 /* SceneDelegate.swift */; };
		6B752FD92C2A9F0A00619B97 /* ConversationsViewController.swift in Sources */ = {isa = PBXBuildFile; fileRef = 6B752FD82C2A9F0A00619B97 /* ConversationsViewController.swift */; };
		6B752FDC2C2A9F0A00619B97 /* Base in Resources */ = {isa = PBXBuildFile; fileRef = 6B752FDB2C2A9F0A00619B97 /* Base */; };
		6B752FDE2C2A9F0C00619B97 /* Assets.xcassets in Resources */ = {isa = PBXBuildFile; fileRef = 6B752FDD2C2A9F0C00619B97 /* Assets.xcassets */; };
		6B752FE12C2A9F0C00619B97 /* Base in Resources */ = {isa = PBXBuildFile; fileRef = 6B752FE02C2A9F0C00619B97 /* Base */; };
		6B752FEF2C2AA0CB00619B97 /* LoginViewController.swift in Sources */ = {isa = PBXBuildFile; fileRef = 6B752FEE2C2AA0CB00619B97 /* LoginViewController.swift */; };
		6B752FF12C2AA0E000619B97 /* RegisterViewController.swift in Sources */ = {isa = PBXBuildFile; fileRef = 6B752FF02C2AA0E000619B97 /* RegisterViewController.swift */; };
		6B752FF32C2AA10300619B97 /* PhotoViewerViewController.swift in Sources */ = {isa = PBXBuildFile; fileRef = 6B752FF22C2AA10300619B97 /* PhotoViewerViewController.swift */; };
		6B752FF52C2AA11500619B97 /* VideoPlayerViewController.swift in Sources */ = {isa = PBXBuildFile; fileRef = 6B752FF42C2AA11500619B97 /* VideoPlayerViewController.swift */; };
		6B752FF72C2AA13900619B97 /* NewConversationViewController.swift in Sources */ = {isa = PBXBuildFile; fileRef = 6B752FF62C2AA13900619B97 /* NewConversationViewController.swift */; };
		6B752FF92C2AA14100619B97 /* ProfileViewController.swift in Sources */ = {isa = PBXBuildFile; fileRef = 6B752FF82C2AA14100619B97 /* ProfileViewController.swift */; };
		6B752FFC2C2AB18D00619B97 /* Extensions.swift in Sources */ = {isa = PBXBuildFile; fileRef = 6B752FFB2C2AB18D00619B97 /* Extensions.swift */; };
/* End PBXBuildFile section */

/* Begin PBXFileReference section */
		6B752FD12C2A9F0A00619B97 /* ChatApp.app */ = {isa = PBXFileReference; explicitFileType = wrapper.application; includeInIndex = 0; path = ChatApp.app; sourceTree = BUILT_PRODUCTS_DIR; };
		6B752FD42C2A9F0A00619B97 /* AppDelegate.swift */ = {isa = PBXFileReference; lastKnownFileType = sourcecode.swift; path = AppDelegate.swift; sourceTree = "<group>"; };
		6B752FD62C2A9F0A00619B97 /* SceneDelegate.swift */ = {isa = PBXFileReference; lastKnownFileType = sourcecode.swift; path = SceneDelegate.swift; sourceTree = "<group>"; };
		6B752FD82C2A9F0A00619B97 /* ConversationsViewController.swift */ = {isa = PBXFileReference; lastKnownFileType = sourcecode.swift; path = ConversationsViewController.swift; sourceTree = "<group>"; };
		6B752FDB2C2A9F0A00619B97 /* Base */ = {isa = PBXFileReference; lastKnownFileType = file.storyboard; name = Base; path = Base.lproj/Main.storyboard; sourceTree = "<group>"; };
		6B752FDD2C2A9F0C00619B97 /* Assets.xcassets */ = {isa = PBXFileReference; lastKnownFileType = folder.assetcatalog; path = Assets.xcassets; sourceTree = "<group>"; };
		6B752FE02C2A9F0C00619B97 /* Base */ = {isa = PBXFileReference; lastKnownFileType = file.storyboard; name = Base; path = Base.lproj/LaunchScreen.storyboard; sourceTree = "<group>"; };
		6B752FE22C2A9F0C00619B97 /* Info.plist */ = {isa = PBXFileReference; lastKnownFileType = text.plist.xml; path = Info.plist; sourceTree = "<group>"; };
		6B752FEE2C2AA0CB00619B97 /* LoginViewController.swift */ = {isa = PBXFileReference; lastKnownFileType = sourcecode.swift; path = LoginViewController.swift; sourceTree = "<group>"; };
		6B752FF02C2AA0E000619B97 /* RegisterViewController.swift */ = {isa = PBXFileReference; lastKnownFileType = sourcecode.swift; path = RegisterViewController.swift; sourceTree = "<group>"; };
		6B752FF22C2AA10300619B97 /* PhotoViewerViewController.swift */ = {isa = PBXFileReference; lastKnownFileType = sourcecode.swift; path = PhotoViewerViewController.swift; sourceTree = "<group>"; };
		6B752FF42C2AA11500619B97 /* VideoPlayerViewController.swift */ = {isa = PBXFileReference; lastKnownFileType = sourcecode.swift; path = VideoPlayerViewController.swift; sourceTree = "<group>"; };
		6B752FF62C2AA13900619B97 /* NewConversationViewController.swift */ = {isa = PBXFileReference; lastKnownFileType = sourcecode.swift; path = NewConversationViewController.swift; sourceTree = "<group>"; };
		6B752FF82C2AA14100619B97 /* ProfileViewController.swift */ = {isa = PBXFileReference; lastKnownFileType = sourcecode.swift; path = ProfileViewController.swift; sourceTree = "<group>"; };
		6B752FFB2C2AB18D00619B97 /* Extensions.swift */ = {isa = PBXFileReference; lastKnownFileType = sourcecode.swift; path = Extensions.swift; sourceTree = "<group>"; };
/* End PBXFileReference section */

/* Begin PBXFrameworksBuildPhase section */
		6B752FCE2C2A9F0A00619B97 /* Frameworks */ = {
			isa = PBXFrameworksBuildPhase;
			buildActionMask = 2147483647;
			files = (
			);
			runOnlyForDeploymentPostprocessing = 0;
		};
/* End PBXFrameworksBuildPhase section */

/* Begin PBXGroup section */
		6B752FC82C2A9F0A00619B97 = {
			isa = PBXGroup;
			children = (
				6B752FD32C2A9F0A00619B97 /* ChatApp */,
				6B752FD22C2A9F0A00619B97 /* Products */,
			);
			sourceTree = "<group>";
		};
		6B752FD22C2A9F0A00619B97 /* Products */ = {
			isa = PBXGroup;
			children = (
				6B752FD12C2A9F0A00619B97 /* ChatApp.app */,
			);
			name = Products;
			sourceTree = "<group>";
		};
		6B752FD32C2A9F0A00619B97 /* ChatApp */ = {
			isa = PBXGroup;
			children = (
				6B752FEC2C2AA01100619B97 /* Resources */,
				6B752FEB2C2AA00700619B97 /* ViewModels */,
				6B752FEA2C2AA00200619B97 /* Models */,
				6B752FE92C2A9FFD00619B97 /* Views */,
				6B752FE82C2A9FF500619B97 /* Controllers */,
				6B752FE22C2A9F0C00619B97 /* Info.plist */,
			);
			path = ChatApp;
			sourceTree = "<group>";
		};
		6B752FE82C2A9FF500619B97 /* Controllers */ = {
			isa = PBXGroup;
			children = (
				6B752FD82C2A9F0A00619B97 /* ConversationsViewController.swift */,
				6B752FFA2C2AA1B100619B97 /* Login */,
				6B752FF22C2AA10300619B97 /* PhotoViewerViewController.swift */,
				6B752FF42C2AA11500619B97 /* VideoPlayerViewController.swift */,
				6B752FF62C2AA13900619B97 /* NewConversationViewController.swift */,
				6B752FF82C2AA14100619B97 /* ProfileViewController.swift */,
			);
			path = Controllers;
			sourceTree = "<group>";
		};
		6B752FE92C2A9FFD00619B97 /* Views */ = {
			isa = PBXGroup;
			children = (
				6B752FED2C2AA02F00619B97 /* Storyboards */,
				6B752FDD2C2A9F0C00619B97 /* Assets.xcassets */,
			);
			path = Views;
			sourceTree = "<group>";
		};
		6B752FEA2C2AA00200619B97 /* Models */ = {
			isa = PBXGroup;
			children = (
			);
			path = Models;
			sourceTree = "<group>";
		};
		6B752FEB2C2AA00700619B97 /* ViewModels */ = {
			isa = PBXGroup;
			children = (
			);
			path = ViewModels;
			sourceTree = "<group>";
		};
		6B752FEC2C2AA01100619B97 /* Resources */ = {
			isa = PBXGroup;
			children = (
				6B752FD42C2A9F0A00619B97 /* AppDelegate.swift */,
				6B752FD62C2A9F0A00619B97 /* SceneDelegate.swift */,
				6B752FFB2C2AB18D00619B97 /* Extensions.swift */,
			);
			path = Resources;
			sourceTree = "<group>";
		};
		6B752FED2C2AA02F00619B97 /* Storyboards */ = {
			isa = PBXGroup;
			children = (
				6B752FDA2C2A9F0A00619B97 /* Main.storyboard */,
				6B752FDF2C2A9F0C00619B97 /* LaunchScreen.storyboard */,
			);
			path = Storyboards;
			sourceTree = "<group>";
		};
		6B752FFA2C2AA1B100619B97 /* Login */ = {
			isa = PBXGroup;
			children = (
				6B752FEE2C2AA0CB00619B97 /* LoginViewController.swift */,
				6B752FF02C2AA0E000619B97 /* RegisterViewController.swift */,
			);
			path = Login;
			sourceTree = "<group>";
		};
/* End PBXGroup section */

/* Begin PBXNativeTarget section */
		6B752FD02C2A9F0A00619B97 /* ChatApp */ = {
			isa = PBXNativeTarget;
			buildConfigurationList = 6B752FE52C2A9F0C00619B97 /* Build configuration list for PBXNativeTarget "ChatApp" */;
			buildPhases = (
				6B752FCD2C2A9F0A00619B97 /* Sources */,
				6B752FCE2C2A9F0A00619B97 /* Frameworks */,
				6B752FCF2C2A9F0A00619B97 /* Resources */,
			);
			buildRules = (
			);
			dependencies = (
			);
			name = ChatApp;
			productName = ChatApp;
			productReference = 6B752FD12C2A9F0A00619B97 /* ChatApp.app */;
			productType = "com.apple.product-type.application";
		};
/* End PBXNativeTarget section */

/* Begin PBXProject section */
		6B752FC92C2A9F0A00619B97 /* Project object */ = {
			isa = PBXProject;
			attributes = {
				BuildIndependentTargetsInParallel = 1;
				LastSwiftUpdateCheck = 1540;
				LastUpgradeCheck = 1540;
				TargetAttributes = {
					6B752FD02C2A9F0A00619B97 = {
						CreatedOnToolsVersion = 15.4;
					};
				};
			};
			buildConfigurationList = 6B752FCC2C2A9F0A00619B97 /* Build configuration list for PBXProject "ChatApp" */;
			compatibilityVersion = "Xcode 14.0";
			developmentRegion = en;
			hasScannedForEncodings = 0;
			knownRegions = (
				en,
				Base,
			);
			mainGroup = 6B752FC82C2A9F0A00619B97;
			productRefGroup = 6B752FD22C2A9F0A00619B97 /* Products */;
			projectDirPath = "";
			projectRoot = "";
			targets = (
				6B752FD02C2A9F0A00619B97 /* ChatApp */,
			);
		};
/* End PBXProject section */

/* Begin PBXResourcesBuildPhase section */
		6B752FCF2C2A9F0A00619B97 /* Resources */ = {
			isa = PBXResourcesBuildPhase;
			buildActionMask = 2147483647;
			files = (
				6B752FDE2C2A9F0C00619B97 /* Assets.xcassets in Resources */,
				6B752FE12C2A9F0C00619B97 /* Base in Resources */,
				6B752FDC2C2A9F0A00619B97 /* Base in Resources */,
			);
			runOnlyForDeploymentPostprocessing = 0;
		};
/* End PBXResourcesBuildPhase section */

/* Begin PBXSourcesBuildPhase section */
		6B752FCD2C2A9F0A00619B97 /* Sources */ = {
			isa = PBXSourcesBuildPhase;
			buildActionMask = 2147483647;
			files = (
				6B752FEF2C2AA0CB00619B97 /* LoginViewController.swift in Sources */,
				6B752FF12C2AA0E000619B97 /* RegisterViewController.swift in Sources */,
				6B752FF72C2AA13900619B97 /* NewConversationViewController.swift in Sources */,
				6B752FD92C2A9F0A00619B97 /* ConversationsViewController.swift in Sources */,
				6B752FF52C2AA11500619B97 /* VideoPlayerViewController.swift in Sources */,
				6B752FFC2C2AB18D00619B97 /* Extensions.swift in Sources */,
				6B752FD52C2A9F0A00619B97 /* AppDelegate.swift in Sources */,
				6B752FF92C2AA14100619B97 /* ProfileViewController.swift in Sources */,
				6B752FD72C2A9F0A00619B97 /* SceneDelegate.swift in Sources */,
				6B752FF32C2AA10300619B97 /* PhotoViewerViewController.swift in Sources */,
			);
			runOnlyForDeploymentPostprocessing = 0;
		};
/* End PBXSourcesBuildPhase section */

/* Begin PBXVariantGroup section */
		6B752FDA2C2A9F0A00619B97 /* Main.storyboard */ = {
			isa = PBXVariantGroup;
			children = (
				6B752FDB2C2A9F0A00619B97 /* Base */,
			);
			name = Main.storyboard;
			sourceTree = "<group>";
		};
		6B752FDF2C2A9F0C00619B97 /* LaunchScreen.storyboard */ = {
			isa = PBXVariantGroup;
			children = (
				6B752FE02C2A9F0C00619B97 /* Base */,
			);
			name = LaunchScreen.storyboard;
			sourceTree = "<group>";
		};
/* End PBXVariantGroup section */

/* Begin XCBuildConfiguration section */
		6B752FE32C2A9F0C00619B97 /* Debug */ = {
			isa = XCBuildConfiguration;
			buildSettings = {
				ALWAYS_SEARCH_USER_PATHS = NO;
				ASSETCATALOG_COMPILER_GENERATE_SWIFT_ASSET_SYMBOL_EXTENSIONS = YES;
				CLANG_ANALYZER_NONNULL = YES;
				CLANG_ANALYZER_NUMBER_OBJECT_CONVERSION = YES_AGGRESSIVE;
				CLANG_CXX_LANGUAGE_STANDARD = "gnu++20";
				CLANG_ENABLE_MODULES = YES;
				CLANG_ENABLE_OBJC_ARC = YES;
				CLANG_ENABLE_OBJC_WEAK = YES;
				CLANG_WARN_BLOCK_CAPTURE_AUTORELEASING = YES;
				CLANG_WARN_BOOL_CONVERSION = YES;
				CLANG_WARN_COMMA = YES;
				CLANG_WARN_CONSTANT_CONVERSION = YES;
				CLANG_WARN_DEPRECATED_OBJC_IMPLEMENTATIONS = YES;
				CLANG_WARN_DIRECT_OBJC_ISA_USAGE = YES_ERROR;
				CLANG_WARN_DOCUMENTATION_COMMENTS = YES;
				CLANG_WARN_EMPTY_BODY = YES;
				CLANG_WARN_ENUM_CONVERSION = YES;
				CLANG_WARN_INFINITE_RECURSION = YES;
				CLANG_WARN_INT_CONVERSION = YES;
				CLANG_WARN_NON_LITERAL_NULL_CONVERSION = YES;
				CLANG_WARN_OBJC_IMPLICIT_RETAIN_SELF = YES;
				CLANG_WARN_OBJC_LITERAL_CONVERSION = YES;
				CLANG_WARN_OBJC_ROOT_CLASS = YES_ERROR;
				CLANG_WARN_QUOTED_INCLUDE_IN_FRAMEWORK_HEADER = YES;
				CLANG_WARN_RANGE_LOOP_ANALYSIS = YES;
				CLANG_WARN_STRICT_PROTOTYPES = YES;
				CLANG_WARN_SUSPICIOUS_MOVE = YES;
				CLANG_WARN_UNGUARDED_AVAILABILITY = YES_AGGRESSIVE;
				CLANG_WARN_UNREACHABLE_CODE = YES;
				CLANG_WARN__DUPLICATE_METHOD_MATCH = YES;
				COPY_PHASE_STRIP = NO;
				DEBUG_INFORMATION_FORMAT = dwarf;
				ENABLE_STRICT_OBJC_MSGSEND = YES;
				ENABLE_TESTABILITY = YES;
				ENABLE_USER_SCRIPT_SANDBOXING = YES;
				GCC_C_LANGUAGE_STANDARD = gnu17;
				GCC_DYNAMIC_NO_PIC = NO;
				GCC_NO_COMMON_BLOCKS = YES;
				GCC_OPTIMIZATION_LEVEL = 0;
				GCC_PREPROCESSOR_DEFINITIONS = (
					"DEBUG=1",
					"$(inherited)",
				);
				GCC_WARN_64_TO_32_BIT_CONVERSION = YES;
				GCC_WARN_ABOUT_RETURN_TYPE = YES_ERROR;
				GCC_WARN_UNDECLARED_SELECTOR = YES;
				GCC_WARN_UNINITIALIZED_AUTOS = YES_AGGRESSIVE;
				GCC_WARN_UNUSED_FUNCTION = YES;
				GCC_WARN_UNUSED_VARIABLE = YES;
				IPHONEOS_DEPLOYMENT_TARGET = 17.5;
				LOCALIZATION_PREFERS_STRING_CATALOGS = YES;
				MTL_ENABLE_DEBUG_INFO = INCLUDE_SOURCE;
				MTL_FAST_MATH = YES;
				ONLY_ACTIVE_ARCH = YES;
				SDKROOT = iphoneos;
				SWIFT_ACTIVE_COMPILATION_CONDITIONS = "DEBUG $(inherited)";
				SWIFT_OPTIMIZATION_LEVEL = "-Onone";
			};
			name = Debug;
		};
		6B752FE42C2A9F0C00619B97 /* Release */ = {
			isa = XCBuildConfiguration;
			buildSettings = {
				ALWAYS_SEARCH_USER_PATHS = NO;
				ASSETCATALOG_COMPILER_GENERATE_SWIFT_ASSET_SYMBOL_EXTENSIONS = YES;
				CLANG_ANALYZER_NONNULL = YES;
				CLANG_ANALYZER_NUMBER_OBJECT_CONVERSION = YES_AGGRESSIVE;
				CLANG_CXX_LANGUAGE_STANDARD = "gnu++20";
				CLANG_ENABLE_MODULES = YES;
				CLANG_ENABLE_OBJC_ARC = YES;
				CLANG_ENABLE_OBJC_WEAK = YES;
				CLANG_WARN_BLOCK_CAPTURE_AUTORELEASING = YES;
				CLANG_WARN_BOOL_CONVERSION = YES;
				CLANG_WARN_COMMA = YES;
				CLANG_WARN_CONSTANT_CONVERSION = YES;
				CLANG_WARN_DEPRECATED_OBJC_IMPLEMENTATIONS = YES;
				CLANG_WARN_DIRECT_OBJC_ISA_USAGE = YES_ERROR;
				CLANG_WARN_DOCUMENTATION_COMMENTS = YES;
				CLANG_WARN_EMPTY_BODY = YES;
				CLANG_WARN_ENUM_CONVERSION = YES;
				CLANG_WARN_INFINITE_RECURSION = YES;
				CLANG_WARN_INT_CONVERSION = YES;
				CLANG_WARN_NON_LITERAL_NULL_CONVERSION = YES;
				CLANG_WARN_OBJC_IMPLICIT_RETAIN_SELF = YES;
				CLANG_WARN_OBJC_LITERAL_CONVERSION = YES;
				CLANG_WARN_OBJC_ROOT_CLASS = YES_ERROR;
				CLANG_WARN_QUOTED_INCLUDE_IN_FRAMEWORK_HEADER = YES;
				CLANG_WARN_RANGE_LOOP_ANALYSIS = YES;
				CLANG_WARN_STRICT_PROTOTYPES = YES;
				CLANG_WARN_SUSPICIOUS_MOVE = YES;
				CLANG_WARN_UNGUARDED_AVAILABILITY = YES_AGGRESSIVE;
				CLANG_WARN_UNREACHABLE_CODE = YES;
				CLANG_WARN__DUPLICATE_METHOD_MATCH = YES;
				COPY_PHASE_STRIP = NO;
				DEBUG_INFORMATION_FORMAT = "dwarf-with-dsym";
				ENABLE_NS_ASSERTIONS = NO;
				ENABLE_STRICT_OBJC_MSGSEND = YES;
				ENABLE_USER_SCRIPT_SANDBOXING = YES;
				GCC_C_LANGUAGE_STANDARD = gnu17;
				GCC_NO_COMMON_BLOCKS = YES;
				GCC_WARN_64_TO_32_BIT_CONVERSION = YES;
				GCC_WARN_ABOUT_RETURN_TYPE = YES_ERROR;
				GCC_WARN_UNDECLARED_SELECTOR = YES;
				GCC_WARN_UNINITIALIZED_AUTOS = YES_AGGRESSIVE;
				GCC_WARN_UNUSED_FUNCTION = YES;
				GCC_WARN_UNUSED_VARIABLE = YES;
				IPHONEOS_DEPLOYMENT_TARGET = 17.5;
				LOCALIZATION_PREFERS_STRING_CATALOGS = YES;
				MTL_ENABLE_DEBUG_INFO = NO;
				MTL_FAST_MATH = YES;
				SDKROOT = iphoneos;
				SWIFT_COMPILATION_MODE = wholemodule;
				VALIDATE_PRODUCT = YES;
			};
			name = Release;
		};
		6B752FE62C2A9F0C00619B97 /* Debug */ = {
			isa = XCBuildConfiguration;
			buildSettings = {
				ASSETCATALOG_COMPILER_APPICON_NAME = AppIcon;
				ASSETCATALOG_COMPILER_GLOBAL_ACCENT_COLOR_NAME = AccentColor;
				CODE_SIGN_STYLE = Automatic;
				CURRENT_PROJECT_VERSION = 1;
				DEVELOPMENT_TEAM = 493N43Z9JD;
				GENERATE_INFOPLIST_FILE = YES;
				INFOPLIST_FILE = ChatApp/Info.plist;
				INFOPLIST_KEY_NSCameraUsageDescription = "Camera usage Required";
				INFOPLIST_KEY_NSPhotoLibraryUsageDescription = "Library usage required";
				INFOPLIST_KEY_UIApplicationSupportsIndirectInputEvents = YES;
				INFOPLIST_KEY_UILaunchStoryboardName = LaunchScreen;
				INFOPLIST_KEY_UIMainStoryboardFile = Main;
				INFOPLIST_KEY_UISupportedInterfaceOrientations = UIInterfaceOrientationPortrait;
				INFOPLIST_KEY_UISupportedInterfaceOrientations_iPad = UIInterfaceOrientationPortrait;
				IPHONEOS_DEPLOYMENT_TARGET = 15.0;
				LD_RUNPATH_SEARCH_PATHS = (
					"$(inherited)",
					"@executable_path/Frameworks",
				);
				MARKETING_VERSION = 1.0;
				PRODUCT_BUNDLE_IDENTIFIER = uday.personal.ChatApp;
				PRODUCT_NAME = "$(TARGET_NAME)";
				SWIFT_EMIT_LOC_STRINGS = YES;
				SWIFT_VERSION = 5.0;
				TARGETED_DEVICE_FAMILY = "1,2";
			};
			name = Debug;
		};
		6B752FE72C2A9F0C00619B97 /* Release */ = {
			isa = XCBuildConfiguration;
			buildSettings = {
				ASSETCATALOG_COMPILER_APPICON_NAME = AppIcon;
				ASSETCATALOG_COMPILER_GLOBAL_ACCENT_COLOR_NAME = AccentColor;
				CODE_SIGN_STYLE = Automatic;
				CURRENT_PROJECT_VERSION = 1;
				DEVELOPMENT_TEAM = 493N43Z9JD;
				GENERATE_INFOPLIST_FILE = YES;
				INFOPLIST_FILE = ChatApp/Info.plist;
				INFOPLIST_KEY_NSCameraUsageDescription = "Camera usage Required";
				INFOPLIST_KEY_NSPhotoLibraryUsageDescription = "Library usage required";
				INFOPLIST_KEY_UIApplicationSupportsIndirectInputEvents = YES;
				INFOPLIST_KEY_UILaunchStoryboardName = LaunchScreen;
				INFOPLIST_KEY_UIMainStoryboardFile = Main;
				INFOPLIST_KEY_UISupportedInterfaceOrientations = UIInterfaceOrientationPortrait;
				INFOPLIST_KEY_UISupportedInterfaceOrientations_iPad = UIInterfaceOrientationPortrait;
				IPHONEOS_DEPLOYMENT_TARGET = 15.0;
				LD_RUNPATH_SEARCH_PATHS = (
					"$(inherited)",
					"@executable_path/Frameworks",
				);
				MARKETING_VERSION = 1.0;
				PRODUCT_BUNDLE_IDENTIFIER = uday.personal.ChatApp;
				PRODUCT_NAME = "$(TARGET_NAME)";
				SWIFT_EMIT_LOC_STRINGS = YES;
				SWIFT_VERSION = 5.0;
				TARGETED_DEVICE_FAMILY = "1,2";
			};
			name = Release;
		};
/* End XCBuildConfiguration section */

/* Begin XCConfigurationList section */
		6B752FCC2C2A9F0A00619B97 /* Build configuration list for PBXProject "ChatApp" */ = {
			isa = XCConfigurationList;
			buildConfigurations = (
				6B752FE32C2A9F0C00619B97 /* Debug */,
				6B752FE42C2A9F0C00619B97 /* Release */,
			);
			defaultConfigurationIsVisible = 0;
			defaultConfigurationName = Release;
		};
		6B752FE52C2A9F0C00619B97 /* Build configuration list for PBXNativeTarget "ChatApp" */ = {
			isa = XCConfigurationList;
			buildConfigurations = (
				6B752FE62C2A9F0C00619B97 /* Debug */,
				6B752FE72C2A9F0C00619B97 /* Release */,
			);
			defaultConfigurationIsVisible = 0;
			defaultConfigurationName = Release;
		};
/* End XCConfigurationList section */
	};
	rootObject = 6B752FC92C2A9F0A00619B97 /* Project object */;
}
